
Microsoft Visual Studio Solution File, Format Version 12.00
# Visual Studio 15
VisualStudioVersion = 15.0.28307.705
MinimumVisualStudioVersion = 10.0.40219.1
Project("{FAE04EC0-301F-11D3-BF4B-00C04F79EFBC}") = "CloudDiary", "CloudDiary\CloudDiary.csproj", "{14017989-DFE1-46B7-B2A1-A03164C32FD9}"
EndProject
Global
	GlobalSection(SolutionConfigurationPlatforms) = preSolution
		Debug|Any CPU = Debug|Any CPU
		Release|Any CPU = Release|Any CPU
	EndGlobalSection
	GlobalSection(ProjectConfigurationPlatforms) = postSolution
		{14017989-DFE1-46B7-B2A1-A03164C32FD9}.Debug|Any CPU.ActiveCfg = Debug|Any CPU
		{14017989-DFE1-46B7-B2A1-A03164C32FD9}.Debug|Any CPU.Build.0 = Debug|Any CPU
		{14017989-DFE1-46B7-B2A1-A03164C32FD9}.Release|Any CPU.ActiveCfg = Release|Any CPU
		{14017989-DFE1-46B7-B2A1-A03164C32FD9}.Release|Any CPU.Build.0 = Release|Any CPU
	EndGlobalSection
	GlobalSection(SolutionProperties) = preSolution
		HideSolutionNode = FALSE
	EndGlobalSection
	GlobalSection(ExtensibilityGlobals) = postSolution
		SolutionGuid = {17389C64-F4BB-436B-8EB4-2728A5141C69}
	EndGlobalSection
EndGlobal
